{
	archiveVersion = 1;
	classes = {
	};
	objectVersion = 56;
	objects = {

/* Begin PBXBuildFile section */
		A1FFFFFF1000000000000001 /* VideoWaniOSApp.swift in Sources */ = {isa = PBXBuildFile; fileRef = A1FFFFFF1000000000000002 /* VideoWaniOSApp.swift */; };
		A1FFFFFF1000000000000003 /* ContentView.swift in Sources */ = {isa = PBXBuildFile; fileRef = A1FFFFFF1000000000000004 /* ContentView.swift */; };
		A1FFFFFF1000000000000005 /* Assets.xcassets in Resources */ = {isa = PBXBuildFile; fileRef = A1FFFFFF1000000000000006 /* Assets.xcassets */; };
		A1FFFFFF1000000000000007 /* Preview Assets.xcassets in Resources */ = {isa = PBXBuildFile; fileRef = A1FFFFFF1000000000000008 /* Preview Assets.xcassets */; };
		A1FFFFFF1000000000000009 /* WanVideoService.swift in Sources */ = {isa = PBXBuildFile; fileRef = A1FFFFFF100000000000000A /* WanVideoService.swift */; };
		A1FFFFFF100000000000000B /* VideoGenerationModel.swift in Sources */ = {isa = PBXBuildFile; fileRef = A1FFFFFF100000000000000C /* VideoGenerationModel.swift */; };
		A1FFFFFF100000000000000D /* ImagePickerView.swift in Sources */ = {isa = PBXBuildFile; fileRef = A1FFFFFF100000000000000E /* ImagePickerView.swift */; };
		A1FFFFFF100000000000000F /* PromptInputView.swift in Sources */ = {isa = PBXBuildFile; fileRef = A1FFFFFF1000000000000010 /* PromptInputView.swift */; };
		A1FFFFFF1000000000000011 /* VideoPlayerView.swift in Sources */ = {isa = PBXBuildFile; fileRef = A1FFFFFF1000000000000012 /* VideoPlayerView.swift */; };
		A1FFFFFF1000000000000013 /* ProgressView.swift in Sources */ = {isa = PBXBuildFile; fileRef = A1FFFFFF1000000000000014 /* ProgressView.swift */; };
		A1FFFFFF1000000000000015 /* QueueView.swift in Sources */ = {isa = PBXBuildFile; fileRef = A1FFFFFF1000000000000016 /* QueueView.swift */; };
		A1FFFFFF1000000000000017 /* GenerationViewModel.swift in Sources */ = {isa = PBXBuildFile; fileRef = A1FFFFFF1000000000000018 /* GenerationViewModel.swift */; };
		A1FFFFFF100000000000001F /* LocalServerManager.swift in Sources */ = {isa = PBXBuildFile; fileRef = A1FFFFFF1000000000000020 /* LocalServerManager.swift */; };
		A1FFFFFF1000000000000021 /* MockServerURLProtocol.swift in Sources */ = {isa = PBXBuildFile; fileRef = A1FFFFFF1000000000000022 /* MockServerURLProtocol.swift */; };
		A1FFFFFF1000000000000023 /* ServerSettingsView.swift in Sources */ = {isa = PBXBuildFile; fileRef = A1FFFFFF1000000000000024 /* ServerSettingsView.swift */; };
		A1FFFFFF1000000000000025 /* server.py in Resources */ = {isa = PBXBuildFile; fileRef = A1FFFFFF1000000000000026 /* server.py */; };
		A1FFFFFF1000000000000027 /* gif_header.data in Resources */ = {isa = PBXBuildFile; fileRef = A1FFFFFF1000000000000028 /* gif_header.data */; };
		A1FFFFFF1000000000000029 /* VideoGenerator.swift in Sources */ = {isa = PBXBuildFile; fileRef = A1FFFFFF100000000000002A /* VideoGenerator.swift */; };
/* End PBXBuildFile section */

/* Begin PBXFileReference section */
		A1FFFFFF1000000000000019 /* VideoWaniOS.app */ = {isa = PBXFileReference; explicitFileType = wrapper.application; includeInIndex = 0; path = VideoWaniOS.app; sourceTree = BUILT_PRODUCTS_DIR; };
		A1FFFFFF1000000000000002 /* VideoWaniOSApp.swift */ = {isa = PBXFileReference; lastKnownFileType = sourcecode.swift; path = VideoWaniOSApp.swift; sourceTree = "<group>"; };
		A1FFFFFF1000000000000004 /* ContentView.swift */ = {isa = PBXFileReference; lastKnownFileType = sourcecode.swift; path = ContentView.swift; sourceTree = "<group>"; };
		A1FFFFFF1000000000000006 /* Assets.xcassets */ = {isa = PBXFileReference; lastKnownFileType = folder.assetcatalog; path = Assets.xcassets; sourceTree = "<group>"; };
		A1FFFFFF1000000000000008 /* Preview Assets.xcassets */ = {isa = PBXFileReference; lastKnownFileType = folder.assetcatalog; path = "Preview Assets.xcassets"; sourceTree = "<group>"; };
		A1FFFFFF100000000000000A /* WanVideoService.swift */ = {isa = PBXFileReference; lastKnownFileType = sourcecode.swift; path = WanVideoService.swift; sourceTree = "<group>"; };
		A1FFFFFF100000000000000C /* VideoGenerationModel.swift */ = {isa = PBXFileReference; lastKnownFileType = sourcecode.swift; path = VideoGenerationModel.swift; sourceTree = "<group>"; };
		A1FFFFFF100000000000000E /* ImagePickerView.swift */ = {isa = PBXFileReference; lastKnownFileType = sourcecode.swift; path = ImagePickerView.swift; sourceTree = "<group>"; };
		A1FFFFFF1000000000000010 /* PromptInputView.swift */ = {isa = PBXFileReference; lastKnownFileType = sourcecode.swift; path = PromptInputView.swift; sourceTree = "<group>"; };
		A1FFFFFF1000000000000012 /* VideoPlayerView.swift */ = {isa = PBXFileReference; lastKnownFileType = sourcecode.swift; path = VideoPlayerView.swift; sourceTree = "<group>"; };
		A1FFFFFF1000000000000014 /* ProgressView.swift */ = {isa = PBXFileReference; lastKnownFileType = sourcecode.swift; path = ProgressView.swift; sourceTree = "<group>"; };
		A1FFFFFF1000000000000016 /* QueueView.swift */ = {isa = PBXFileReference; lastKnownFileType = sourcecode.swift; path = QueueView.swift; sourceTree = "<group>"; };
		A1FFFFFF1000000000000018 /* GenerationViewModel.swift */ = {isa = PBXFileReference; lastKnownFileType = sourcecode.swift; path = GenerationViewModel.swift; sourceTree = "<group>"; };
		A1FFFFFF100000000000001A /* Info.plist */ = {isa = PBXFileReference; lastKnownFileType = text.plist.xml; path = Info.plist; sourceTree = "<group>"; };
		A1FFFFFF1000000000000020 /* LocalServerManager.swift */ = {isa = PBXFileReference; lastKnownFileType = sourcecode.swift; path = LocalServerManager.swift; sourceTree = "<group>"; };
		A1FFFFFF1000000000000022 /* MockServerURLProtocol.swift */ = {isa = PBXFileReference; lastKnownFileType = sourcecode.swift; path = MockServerURLProtocol.swift; sourceTree = "<group>"; };
		A1FFFFFF1000000000000024 /* ServerSettingsView.swift */ = {isa = PBXFileReference; lastKnownFileType = sourcecode.swift; path = ServerSettingsView.swift; sourceTree = "<group>"; };
		A1FFFFFF1000000000000026 /* server.py */ = {isa = PBXFileReference; lastKnownFileType = text; path = server.py; sourceTree = "<group>"; };
		A1FFFFFF1000000000000028 /* gif_header.data */ = {isa = PBXFileReference; lastKnownFileType = file; path = gif_header.data; sourceTree = "<group>"; };
		A1FFFFFF100000000000002A /* VideoGenerator.swift */ = {isa = PBXFileReference; lastKnownFileType = sourcecode.swift; path = VideoGenerator.swift; sourceTree = "<group>"; };
/* End PBXFileReference section */

/* Begin PBXFrameworksBuildPhase section */
		A1FFFFFF100000000000001B /* Frameworks */ = {
			isa = PBXFrameworksBuildPhase;
			buildActionMask = 2147483647;
			files = (
			);
			runOnlyForDeploymentPostprocessing = 0;
		};
/* End PBXFrameworksBuildPhase section */

/* Begin PBXGroup section */
		A1FFFFFF100000000000001C /* Products */ = {
			isa = PBXGroup;
			children = (
				A1FFFFFF1000000000000019 /* VideoWaniOS.app */,
			);
			name = Products;
			sourceTree = "<group>";
		};
		A1FFFFFF100000000000001D /* VideoWaniOS */ = {
			isa = PBXGroup;
			children = (
				A1FFFFFF100000000000001A /* Info.plist */,
				A1FFFFFF1000000000000002 /* VideoWaniOSApp.swift */,
				A1FFFFFF1000000000000004 /* ContentView.swift */,
				A1FFFFFF100000000000001E /* Models */,
				A1FFFFFF100000000000001F /* Views */,
				A1FFFFFF1000000000000020 /* Services */,
				A1FFFFFF100000000000002B /* Resources */,
				A1FFFFFF1000000000000006 /* Assets.xcassets */,
				A1FFFFFF1000000000000021 /* Preview Content */,
			);
			path = VideoWaniOS;
			sourceTree = "<group>";
		};
		A1FFFFFF100000000000001E /* Models */ = {
			isa = PBXGroup;
			children = (
				A1FFFFFF100000000000000C /* VideoGenerationModel.swift */,
				A1FFFFFF1000000000000018 /* GenerationViewModel.swift */,
			);
			path = Models;
			sourceTree = "<group>";
		};
		A1FFFFFF100000000000001F /* Views */ = {
			isa = PBXGroup;
			children = (
				A1FFFFFF100000000000000E /* ImagePickerView.swift */,
				A1FFFFFF1000000000000010 /* PromptInputView.swift */,
				A1FFFFFF1000000000000012 /* VideoPlayerView.swift */,
				A1FFFFFF1000000000000014 /* ProgressView.swift */,
				A1FFFFFF1000000000000016 /* QueueView.swift */,
				A1FFFFFF1000000000000024 /* ServerSettingsView.swift */,
			);
			path = Views;
			sourceTree = "<group>";
		};
		A1FFFFFF1000000000000020 /* Services */ = {
			isa = PBXGroup;
			children = (
				A1FFFFFF100000000000000A /* WanVideoService.swift */,
				A1FFFFFF1000000000000020 /* LocalServerManager.swift */,
				A1FFFFFF1000000000000022 /* MockServerURLProtocol.swift */,
				A1FFFFFF100000000000002A /* VideoGenerator.swift */,
			);
			path = Services;
			sourceTree = "<group>";
		};
		A1FFFFFF1000000000000021 /* Preview Content */ = {
			isa = PBXGroup;
			children = (
				A1FFFFFF1000000000000008 /* Preview Assets.xcassets */,
			);
			path = "Preview Content";
			sourceTree = "<group>";
		};
		A1FFFFFF100000000000002B /* Resources */ = {
			isa = PBXGroup;
			children = (
				A1FFFFFF1000000000000026 /* server.py */,
				A1FFFFFF1000000000000028 /* gif_header.data */,
			);
			path = Resources;
			sourceTree = "<group>";
		};
		A1FFFFFF1000000000000022 = {
			isa = PBXGroup;
			children = (
				A1FFFFFF100000000000001D /* VideoWaniOS */,
				A1FFFFFF100000000000001C /* Products */,
			);
			sourceTree = "<group>";
		};
/* End PBXGroup section */

/* Begin PBXNativeTarget section */
		A1FFFFFF1000000000000023 /* VideoWaniOS */ = {
			isa = PBXNativeTarget;
			buildConfigurationList = A1FFFFFF1000000000000024 /* Build configuration list for PBXNativeTarget "VideoWaniOS" */;
			buildPhases = (
				A1FFFFFF1000000000000025 /* Sources */,
				A1FFFFFF100000000000001B /* Frameworks */,
				A1FFFFFF1000000000000026 /* Resources */,
			);
			buildRules = (
			);
			dependencies = (
			);
			name = VideoWaniOS;
			productName = VideoWaniOS;
			productReference = A1FFFFFF1000000000000019 /* VideoWaniOS.app */;
			productType = "com.apple.product-type.application";
		};
/* End PBXNativeTarget section */

/* Begin PBXProject section */
		A1FFFFFF1000000000000027 /* Project object */ = {
			isa = PBXProject;
			attributes = {
				BuildIndependentTargetsInParallel = 1;
				LastSwiftUpdateCheck = 1530;
				LastUpgradeCheck = 1530;
				TargetAttributes = {
					A1FFFFFF1000000000000023 = {
						CreatedOnToolsVersion = 15.3;
					};
				};
			};
			buildConfigurationList = A1FFFFFF1000000000000028 /* Build configuration list for PBXProject "VideoWaniOS" */;
			compatibilityVersion = "Xcode 14.0";
			developmentRegion = en;
			hasScannedForEncodings = 0;
			knownRegions = (
				en,
				Base,
			);
			mainGroup = A1FFFFFF1000000000000022;
			productRefGroup = A1FFFFFF100000000000001C /* Products */;
			projectDirPath = "";
			projectRoot = "";
			targets = (
				A1FFFFFF1000000000000023 /* VideoWaniOS */,
			);
		};
/* End PBXProject section */

/* Begin PBXResourcesBuildPhase section */
		A1FFFFFF1000000000000026 /* Resources */ = {
			isa = PBXResourcesBuildPhase;
			buildActionMask = 2147483647;
			files = (
				A1FFFFFF1000000000000007 /* Preview Assets.xcassets in Resources */,
				A1FFFFFF1000000000000005 /* Assets.xcassets in Resources */,
				A1FFFFFF1000000000000025 /* server.py in Resources */,
				A1FFFFFF1000000000000027 /* gif_header.data in Resources */,
			);
			runOnlyForDeploymentPostprocessing = 0;
		};
/* End PBXResourcesBuildPhase section */

/* Begin PBXSourcesBuildPhase section */
		A1FFFFFF1000000000000025 /* Sources */ = {
			isa = PBXSourcesBuildPhase;
			buildActionMask = 2147483647;
			files = (
				A1FFFFFF1000000000000003 /* ContentView.swift in Sources */,
				A1FFFFFF1000000000000001 /* VideoWaniOSApp.swift in Sources */,
				A1FFFFFF1000000000000009 /* WanVideoService.swift in Sources */,
				A1FFFFFF100000000000000B /* VideoGenerationModel.swift in Sources */,
				A1FFFFFF100000000000000D /* ImagePickerView.swift in Sources */,
				A1FFFFFF100000000000000F /* PromptInputView.swift in Sources */,
				A1FFFFFF1000000000000011 /* VideoPlayerView.swift in Sources */,
				A1FFFFFF1000000000000013 /* ProgressView.swift in Sources */,
				A1FFFFFF1000000000000015 /* QueueView.swift in Sources */,
				A1FFFFFF1000000000000017 /* GenerationViewModel.swift in Sources */,
				A1FFFFFF100000000000001F /* LocalServerManager.swift in Sources */,
				A1FFFFFF1000000000000021 /* MockServerURLProtocol.swift in Sources */,
				A1FFFFFF1000000000000023 /* ServerSettingsView.swift in Sources */,
				A1FFFFFF1000000000000029 /* VideoGenerator.swift in Sources */,
			);
			runOnlyForDeploymentPostprocessing = 0;
		};
/* End PBXSourcesBuildPhase section */

/* Begin XCBuildConfiguration section */
		A1FFFFFF1000000000000029 /* Debug */ = {
			isa = XCBuildConfiguration;
			buildSettings = {
				ALWAYS_SEARCH_USER_PATHS = NO;
				ASSETCATALOG_COMPILER_GENERATE_SWIFT_ASSET_SYMBOL_EXTENSIONS = YES;
				CLANG_ANALYZER_NONNULL = YES;
				CLANG_ANALYZER_NUMBER_OBJECT_CONVERSION = YES_AGGRESSIVE;
				CLANG_CXX_LANGUAGE_STANDARD = "gnu++20";
				CLANG_ENABLE_MODULES = YES;
				CLANG_ENABLE_OBJC_ARC = YES;
				CLANG_ENABLE_OBJC_WEAK = YES;
				CLANG_WARN_BLOCK_CAPTURE_AUTORELEASING = YES;
				CLANG_WARN_BOOL_CONVERSION = YES;
				CLANG_WARN_COMMA = YES;
				CLANG_WARN_CONSTANT_CONVERSION = YES;
				CLANG_WARN_DEPRECATED_OBJC_IMPLEMENTATIONS = YES;
				CLANG_WARN_DIRECT_OBJC_ISA_USAGE = YES_ERROR;
				CLANG_WARN_DOCUMENTATION_COMMENTS = YES;
				CLANG_WARN_EMPTY_BODY = YES;
				CLANG_WARN_ENUM_CONVERSION = YES;
				CLANG_WARN_INFINITE_RECURSION = YES;
				CLANG_WARN_INT_CONVERSION = YES;
				CLANG_WARN_NON_LITERAL_NULL_CONVERSION = YES;
				CLANG_WARN_OBJC_IMPLICIT_RETAIN_SELF = YES;
				CLANG_WARN_OBJC_LITERAL_CONVERSION = YES;
				CLANG_WARN_OBJC_ROOT_CLASS = YES_ERROR;
				CLANG_WARN_QUOTED_INCLUDE_IN_FRAMEWORK_HEADER = YES;
				CLANG_WARN_RANGE_LOOP_ANALYSIS = YES;
				CLANG_WARN_STRICT_PROTOTYPES = YES;
				CLANG_WARN_SUSPICIOUS_MOVE = YES;
				CLANG_WARN_UNGUARDED_AVAILABILITY = YES_AGGRESSIVE;
				CLANG_WARN_UNREACHABLE_CODE = YES;
				CLANG_WARN__DUPLICATE_METHOD_MATCH = YES;
				COPY_PHASE_STRIP = NO;
				DEBUG_INFORMATION_FORMAT = dwarf;
				ENABLE_STRICT_OBJC_MSGSEND = YES;
				ENABLE_TESTABILITY = YES;
				ENABLE_USER_SCRIPT_SANDBOXING = YES;
				GCC_C_LANGUAGE_STANDARD = gnu17;
				GCC_DYNAMIC_NO_PIC = NO;
				GCC_NO_COMMON_BLOCKS = YES;
				GCC_OPTIMIZATION_LEVEL = 0;
				GCC_PREPROCESSOR_DEFINITIONS = (
					"DEBUG=1",
				);
				GCC_WARN_64_TO_32_BIT_CONVERSION = YES;
				GCC_WARN_ABOUT_RETURN_TYPE = YES_ERROR;
				GCC_WARN_UNDECLARED_SELECTOR = YES;
				GCC_WARN_UNINITIALIZED_AUTOS = YES_AGGRESSIVE;
				GCC_WARN_UNUSED_FUNCTION = YES;
				GCC_WARN_UNUSED_VARIABLE = YES;
				IPHONEOS_DEPLOYMENT_TARGET = 15.0;
				MTL_ENABLE_DEBUG_INFO = INCLUDE_SOURCE;
				MTL_FAST_MATH = YES;
				ONLY_ACTIVE_ARCH = YES;
				SWIFT_EMIT_LOC_STRINGS = YES;
				SWIFT_OPTIMIZATION_LEVEL = "-Onone";
				SWIFT_SERIALIZE_DEBUGGING_OPTIONS = YES;
				SWIFT_VERSION = 5.0;
				TARGETED_DEVICE_FAMILY = "1,2";
				CODE_SIGN_IDENTITY = "";
				CODE_SIGNING_REQUIRED = NO;
				CODE_SIGN_ENTITLEMENTS = "";
				CODE_SIGNING_ALLOWED = NO;
			};
			name = Debug;
		};
		A1FFFFFF100000000000002A /* Release */ = {
			isa = XCBuildConfiguration;
			buildSettings = {
				ALWAYS_SEARCH_USER_PATHS = NO;
				ASSETCATALOG_COMPILER_GENERATE_SWIFT_ASSET_SYMBOL_EXTENSIONS = YES;
				CLANG_ANALYZER_NONNULL = YES;
				CLANG_ANALYZER_NUMBER_OBJECT_CONVERSION = YES_AGGRESSIVE;
				CLANG_CXX_LANGUAGE_STANDARD = "gnu++20";
				CLANG_ENABLE_MODULES = YES;
				CLANG_ENABLE_OBJC_ARC = YES;
				CLANG_ENABLE_OBJC_WEAK = YES;
				CLANG_WARN_BLOCK_CAPTURE_AUTORELEASING = YES;
				CLANG_WARN_BOOL_CONVERSION = YES;
				CLANG_WARN_COMMA = YES;
				CLANG_WARN_CONSTANT_CONVERSION = YES;
				CLANG_WARN_DEPRECATED_OBJC_IMPLEMENTATIONS = YES;
				CLANG_WARN_DIRECT_OBJC_ISA_USAGE = YES_ERROR;
				CLANG_WARN_DOCUMENTATION_COMMENTS = YES;
				CLANG_WARN_EMPTY_BODY = YES;
				CLANG_WARN_ENUM_CONVERSION = YES;
				CLANG_WARN_INFINITE_RECURSION = YES;
				CLANG_WARN_INT_CONVERSION = YES;
				CLANG_WARN_NON_LITERAL_NULL_CONVERSION = YES;
				CLANG_WARN_OBJC_IMPLICIT_RETAIN_SELF = YES;
				CLANG_WARN_OBJC_LITERAL_CONVERSION = YES;
				CLANG_WARN_OBJC_ROOT_CLASS = YES_ERROR;
				CLANG_WARN_QUOTED_INCLUDE_IN_FRAMEWORK_HEADER = YES;
				CLANG_WARN_RANGE_LOOP_ANALYSIS = YES;
				CLANG_WARN_STRICT_PROTOTYPES = YES;
				CLANG_WARN_SUSPICIOUS_MOVE = YES;
				CLANG_WARN_UNGUARDED_AVAILABILITY = YES_AGGRESSIVE;
				CLANG_WARN_UNREACHABLE_CODE = YES;
				CLANG_WARN__DUPLICATE_METHOD_MATCH = YES;
				COPY_PHASE_STRIP = NO;
				DEBUG_INFORMATION_FORMAT = "dwarf-with-dsym";
				ENABLE_NS_ASSERTIONS = NO;
				ENABLE_STRICT_OBJC_MSGSEND = YES;
				ENABLE_USER_SCRIPT_SANDBOXING = YES;
				GCC_C_LANGUAGE_STANDARD = gnu17;
				GCC_NO_COMMON_BLOCKS = YES;
				GCC_WARN_64_TO_32_BIT_CONVERSION = YES;
				GCC_WARN_ABOUT_RETURN_TYPE = YES_ERROR;
				GCC_WARN_UNDECLARED_SELECTOR = YES;
				GCC_WARN_UNINITIALIZED_AUTOS = YES_AGGRESSIVE;
				GCC_WARN_UNUSED_FUNCTION = YES;
				GCC_WARN_UNUSED_VARIABLE = YES;
				IPHONEOS_DEPLOYMENT_TARGET = 15.0;
				MTL_ENABLE_DEBUG_INFO = NO;
				MTL_FAST_MATH = YES;
				SWIFT_COMPILATION_MODE = wholemodule;
				SWIFT_EMIT_LOC_STRINGS = YES;
				SWIFT_OPTIMIZATION_LEVEL = "-Owholemodule";
				SWIFT_SERIALIZE_DEBUGGING_OPTIONS = NO;
				SWIFT_VERSION = 5.0;
				TARGETED_DEVICE_FAMILY = "1,2";
				VALIDATE_PRODUCT = YES;
				CODE_SIGN_IDENTITY = "";
				CODE_SIGNING_REQUIRED = NO;
				CODE_SIGN_ENTITLEMENTS = "";
				CODE_SIGNING_ALLOWED = NO;
			};
			name = Release;
		};
/* End XCBuildConfiguration section */

/* Begin XCConfigurationList section */
		A1FFFFFF1000000000000028 /* Build configuration list for PBXProject "VideoWaniOS" */ = {
			isa = XCConfigurationList;
			buildConfigurations = (
				A1FFFFFF1000000000000029 /* Debug */,
				A1FFFFFF100000000000002A /* Release */,
			);
			defaultConfigurationIsVisible = 0;
			defaultConfigurationName = Release;
		};
		A1FFFFFF1000000000000024 /* Build configuration list for PBXNativeTarget "VideoWaniOS" */ = {
			isa = XCConfigurationList;
			buildConfigurations = (
				A1FFFFFF1000000000000029 /* Debug */,
				A1FFFFFF100000000000002A /* Release */,
			);
			defaultConfigurationIsVisible = 0;
			defaultConfigurationName = Release;
		};
/* End XCConfigurationList section */
	};
	rootObject = A1FFFFFF1000000000000027 /* Project object */;
}
